// !$*UTF8*$!
{
	archiveVersion = 1;
	classes = {
	};
	objectVersion = 50;
	objects = {

/* Begin PBXBuildFile section */
		183D37E2228C3AE800E3CC74 /* AppDelegate.swift in Sources */ = {isa = PBXBuildFile; fileRef = 183D37E1228C3AE800E3CC74 /* AppDelegate.swift */; };
		183D37E4228C3AE800E3CC74 /* ViewController.swift in Sources */ = {isa = PBXBuildFile; fileRef = 183D37E3228C3AE800E3CC74 /* ViewController.swift */; };
		183D37E7228C3AE800E3CC74 /* Main.storyboard in Resources */ = {isa = PBXBuildFile; fileRef = 183D37E5228C3AE800E3CC74 /* Main.storyboard */; };
		183D37E9228C3AE900E3CC74 /* Assets.xcassets in Resources */ = {isa = PBXBuildFile; fileRef = 183D37E8228C3AE900E3CC74 /* Assets.xcassets */; };
		183D37EC228C3AE900E3CC74 /* LaunchScreen.storyboard in Resources */ = {isa = PBXBuildFile; fileRef = 183D37EA228C3AE900E3CC74 /* LaunchScreen.storyboard */; };
		183D37F8228C3CD700E3CC74 /* MobilePhone.swift in Sources */ = {isa = PBXBuildFile; fileRef = 183D37F7228C3CD700E3CC74 /* MobilePhone.swift */; };
		183D37FD228C3E7900E3CC74 /* MobilePhoneDetail.swift in Sources */ = {isa = PBXBuildFile; fileRef = 183D37FC228C3E7900E3CC74 /* MobilePhoneDetail.swift */; };
		183D3805228C3EFA00E3CC74 /* MobileBuyersGuideTests.swift in Sources */ = {isa = PBXBuildFile; fileRef = 183D3804228C3EFA00E3CC74 /* MobileBuyersGuideTests.swift */; };
		183D380E228CDDFE00E3CC74 /* MobilePhoneAPI.swift in Sources */ = {isa = PBXBuildFile; fileRef = 183D380D228CDDFE00E3CC74 /* MobilePhoneAPI.swift */; };
		183D3813228DA66C00E3CC74 /* URLExtension.swift in Sources */ = {isa = PBXBuildFile; fileRef = 183D3812228DA66C00E3CC74 /* URLExtension.swift */; };
		183D3815228DB9F800E3CC74 /* MobilePhoneAPIProtocol.swift in Sources */ = {isa = PBXBuildFile; fileRef = 183D3814228DB9F800E3CC74 /* MobilePhoneAPIProtocol.swift */; };
/* End PBXBuildFile section */

/* Begin PBXContainerItemProxy section */
		183D3807228C3EFA00E3CC74 /* PBXContainerItemProxy */ = {
			isa = PBXContainerItemProxy;
			containerPortal = 183D37D6228C3AE700E3CC74 /* Project object */;
			proxyType = 1;
			remoteGlobalIDString = 183D37DD228C3AE700E3CC74;
			remoteInfo = MobileBuyersGuide;
		};
/* End PBXContainerItemProxy section */

/* Begin PBXFileReference section */
		183D37DE228C3AE700E3CC74 /* MobileBuyersGuide.app */ = {isa = PBXFileReference; explicitFileType = wrapper.application; includeInIndex = 0; path = MobileBuyersGuide.app; sourceTree = BUILT_PRODUCTS_DIR; };
		183D37E1228C3AE800E3CC74 /* AppDelegate.swift */ = {isa = PBXFileReference; lastKnownFileType = sourcecode.swift; path = AppDelegate.swift; sourceTree = "<group>"; };
		183D37E3228C3AE800E3CC74 /* ViewController.swift */ = {isa = PBXFileReference; lastKnownFileType = sourcecode.swift; path = ViewController.swift; sourceTree = "<group>"; };
		183D37E6228C3AE800E3CC74 /* Base */ = {isa = PBXFileReference; lastKnownFileType = file.storyboard; name = Base; path = Base.lproj/Main.storyboard; sourceTree = "<group>"; };
		183D37E8228C3AE900E3CC74 /* Assets.xcassets */ = {isa = PBXFileReference; lastKnownFileType = folder.assetcatalog; path = Assets.xcassets; sourceTree = "<group>"; };
		183D37EB228C3AE900E3CC74 /* Base */ = {isa = PBXFileReference; lastKnownFileType = file.storyboard; name = Base; path = Base.lproj/LaunchScreen.storyboard; sourceTree = "<group>"; };
		183D37ED228C3AE900E3CC74 /* Info.plist */ = {isa = PBXFileReference; lastKnownFileType = text.plist.xml; path = Info.plist; sourceTree = "<group>"; };
		183D37F7228C3CD700E3CC74 /* MobilePhone.swift */ = {isa = PBXFileReference; lastKnownFileType = sourcecode.swift; path = MobilePhone.swift; sourceTree = "<group>"; };
		183D37FC228C3E7900E3CC74 /* MobilePhoneDetail.swift */ = {isa = PBXFileReference; lastKnownFileType = sourcecode.swift; path = MobilePhoneDetail.swift; sourceTree = "<group>"; };
		183D3802228C3EFA00E3CC74 /* MobileBuyersGuideTests.xctest */ = {isa = PBXFileReference; explicitFileType = wrapper.cfbundle; includeInIndex = 0; path = MobileBuyersGuideTests.xctest; sourceTree = BUILT_PRODUCTS_DIR; };
		183D3804228C3EFA00E3CC74 /* MobileBuyersGuideTests.swift */ = {isa = PBXFileReference; lastKnownFileType = sourcecode.swift; path = MobileBuyersGuideTests.swift; sourceTree = "<group>"; };
		183D3806228C3EFA00E3CC74 /* Info.plist */ = {isa = PBXFileReference; lastKnownFileType = text.plist.xml; path = Info.plist; sourceTree = "<group>"; };
		183D380D228CDDFE00E3CC74 /* MobilePhoneAPI.swift */ = {isa = PBXFileReference; lastKnownFileType = sourcecode.swift; path = MobilePhoneAPI.swift; sourceTree = "<group>"; };
		183D3812228DA66C00E3CC74 /* URLExtension.swift */ = {isa = PBXFileReference; lastKnownFileType = sourcecode.swift; path = URLExtension.swift; sourceTree = "<group>"; };
		183D3814228DB9F800E3CC74 /* MobilePhoneAPIProtocol.swift */ = {isa = PBXFileReference; lastKnownFileType = sourcecode.swift; path = MobilePhoneAPIProtocol.swift; sourceTree = "<group>"; };
/* End PBXFileReference section */

/* Begin PBXFrameworksBuildPhase section */
		183D37DB228C3AE700E3CC74 /* Frameworks */ = {
			isa = PBXFrameworksBuildPhase;
			buildActionMask = 2147483647;
			files = (
			);
			runOnlyForDeploymentPostprocessing = 0;
		};
		183D37FF228C3EFA00E3CC74 /* Frameworks */ = {
			isa = PBXFrameworksBuildPhase;
			buildActionMask = 2147483647;
			files = (
			);
			runOnlyForDeploymentPostprocessing = 0;
		};
/* End PBXFrameworksBuildPhase section */

/* Begin PBXGroup section */
		183D37D5228C3AE700E3CC74 = {
			isa = PBXGroup;
			children = (
				183D37E0228C3AE700E3CC74 /* MobileBuyersGuide */,
				183D3803228C3EFA00E3CC74 /* MobileBuyersGuideTests */,
				183D37DF228C3AE700E3CC74 /* Products */,
			);
			sourceTree = "<group>";
		};
		183D37DF228C3AE700E3CC74 /* Products */ = {
			isa = PBXGroup;
			children = (
				183D37DE228C3AE700E3CC74 /* MobileBuyersGuide.app */,
				183D3802228C3EFA00E3CC74 /* MobileBuyersGuideTests.xctest */,
			);
			name = Products;
			sourceTree = "<group>";
		};
		183D37E0228C3AE700E3CC74 /* MobileBuyersGuide */ = {
			isa = PBXGroup;
			children = (
				183D380F228DA64600E3CC74 /* Helper */,
				183D380C228CDDF000E3CC74 /* Service */,
				183D37FB228C3DB800E3CC74 /* Views */,
				183D37ED228C3AE900E3CC74 /* Info.plist */,
				183D37F6228C3C8900E3CC74 /* ViewModels */,
				183D37F5228C3C7E00E3CC74 /* ViewControllers */,
				183D37F4228C3C7600E3CC74 /* Models */,
				183D37F3228C3C4F00E3CC74 /* Supporting Files */,
				183D37E1228C3AE800E3CC74 /* AppDelegate.swift */,
				183D37E5228C3AE800E3CC74 /* Main.storyboard */,
			);
			path = MobileBuyersGuide;
			sourceTree = "<group>";
		};
		183D37F3228C3C4F00E3CC74 /* Supporting Files */ = {
			isa = PBXGroup;
			children = (
				183D37EA228C3AE900E3CC74 /* LaunchScreen.storyboard */,
				183D37E8228C3AE900E3CC74 /* Assets.xcassets */,
			);
			path = "Supporting Files";
			sourceTree = "<group>";
		};
		183D37F4228C3C7600E3CC74 /* Models */ = {
			isa = PBXGroup;
			children = (
				183D37F7228C3CD700E3CC74 /* MobilePhone.swift */,
				183D37FC228C3E7900E3CC74 /* MobilePhoneDetail.swift */,
			);
			path = Models;
			sourceTree = "<group>";
		};
		183D37F5228C3C7E00E3CC74 /* ViewControllers */ = {
			isa = PBXGroup;
			children = (
				183D37E3228C3AE800E3CC74 /* ViewController.swift */,
			);
			path = ViewControllers;
			sourceTree = "<group>";
		};
		183D37F6228C3C8900E3CC74 /* ViewModels */ = {
			isa = PBXGroup;
			children = (
			);
			path = ViewModels;
			sourceTree = "<group>";
		};
		183D37FB228C3DB800E3CC74 /* Views */ = {
			isa = PBXGroup;
			children = (
			);
			path = Views;
			sourceTree = "<group>";
		};
		183D3803228C3EFA00E3CC74 /* MobileBuyersGuideTests */ = {
			isa = PBXGroup;
			children = (
				183D3804228C3EFA00E3CC74 /* MobileBuyersGuideTests.swift */,
				183D3806228C3EFA00E3CC74 /* Info.plist */,
			);
			path = MobileBuyersGuideTests;
			sourceTree = "<group>";
		};
		183D380C228CDDF000E3CC74 /* Service */ = {
			isa = PBXGroup;
			children = (
				183D380D228CDDFE00E3CC74 /* MobilePhoneAPI.swift */,
				183D3814228DB9F800E3CC74 /* MobilePhoneAPIProtocol.swift */,
			);
			path = Service;
			sourceTree = "<group>";
		};
		183D380F228DA64600E3CC74 /* Helper */ = {
			isa = PBXGroup;
			children = (
				183D3810228DA64F00E3CC74 /* Extensions */,
			);
			path = Helper;
			sourceTree = "<group>";
		};
		183D3810228DA64F00E3CC74 /* Extensions */ = {
			isa = PBXGroup;
			children = (
				183D3812228DA66C00E3CC74 /* URLExtension.swift */,
			);
			path = Extensions;
			sourceTree = "<group>";
		};
/* End PBXGroup section */

/* Begin PBXNativeTarget section */
		183D37DD228C3AE700E3CC74 /* MobileBuyersGuide */ = {
			isa = PBXNativeTarget;
			buildConfigurationList = 183D37F0228C3AE900E3CC74 /* Build configuration list for PBXNativeTarget "MobileBuyersGuide" */;
			buildPhases = (
				183D37DA228C3AE700E3CC74 /* Sources */,
				183D37DB228C3AE700E3CC74 /* Frameworks */,
				183D37DC228C3AE700E3CC74 /* Resources */,
			);
			buildRules = (
			);
			dependencies = (
			);
			name = MobileBuyersGuide;
			productName = MobileBuyersGuide;
			productReference = 183D37DE228C3AE700E3CC74 /* MobileBuyersGuide.app */;
			productType = "com.apple.product-type.application";
		};
		183D3801228C3EFA00E3CC74 /* MobileBuyersGuideTests */ = {
			isa = PBXNativeTarget;
			buildConfigurationList = 183D3809228C3EFA00E3CC74 /* Build configuration list for PBXNativeTarget "MobileBuyersGuideTests" */;
			buildPhases = (
				183D37FE228C3EFA00E3CC74 /* Sources */,
				183D37FF228C3EFA00E3CC74 /* Frameworks */,
				183D3800228C3EFA00E3CC74 /* Resources */,
			);
			buildRules = (
			);
			dependencies = (
				183D3808228C3EFA00E3CC74 /* PBXTargetDependency */,
			);
			name = MobileBuyersGuideTests;
			productName = MobileBuyersGuideTests;
			productReference = 183D3802228C3EFA00E3CC74 /* MobileBuyersGuideTests.xctest */;
			productType = "com.apple.product-type.bundle.unit-test";
		};
/* End PBXNativeTarget section */

/* Begin PBXProject section */
		183D37D6228C3AE700E3CC74 /* Project object */ = {
			isa = PBXProject;
			attributes = {
				LastSwiftUpdateCheck = 1020;
				LastUpgradeCheck = 1020;
				ORGANIZATIONNAME = "Mihindu de Silva";
				TargetAttributes = {
					183D37DD228C3AE700E3CC74 = {
						CreatedOnToolsVersion = 10.2.1;
					};
					183D3801228C3EFA00E3CC74 = {
						CreatedOnToolsVersion = 10.2.1;
						TestTargetID = 183D37DD228C3AE700E3CC74;
					};
				};
			};
			buildConfigurationList = 183D37D9228C3AE700E3CC74 /* Build configuration list for PBXProject "MobileBuyersGuide" */;
			compatibilityVersion = "Xcode 9.3";
			developmentRegion = en;
			hasScannedForEncodings = 0;
			knownRegions = (
				en,
				Base,
			);
			mainGroup = 183D37D5228C3AE700E3CC74;
			productRefGroup = 183D37DF228C3AE700E3CC74 /* Products */;
			projectDirPath = "";
			projectRoot = "";
			targets = (
				183D37DD228C3AE700E3CC74 /* MobileBuyersGuide */,
				183D3801228C3EFA00E3CC74 /* MobileBuyersGuideTests */,
			);
		};
/* End PBXProject section */

/* Begin PBXResourcesBuildPhase section */
		183D37DC228C3AE700E3CC74 /* Resources */ = {
			isa = PBXResourcesBuildPhase;
			buildActionMask = 2147483647;
			files = (
				183D37EC228C3AE900E3CC74 /* LaunchScreen.storyboard in Resources */,
				183D37E9228C3AE900E3CC74 /* Assets.xcassets in Resources */,
				183D37E7228C3AE800E3CC74 /* Main.storyboard in Resources */,
			);
			runOnlyForDeploymentPostprocessing = 0;
		};
		183D3800228C3EFA00E3CC74 /* Resources */ = {
			isa = PBXResourcesBuildPhase;
			buildActionMask = 2147483647;
			files = (
			);
			runOnlyForDeploymentPostprocessing = 0;
		};
/* End PBXResourcesBuildPhase section */

/* Begin PBXSourcesBuildPhase section */
		183D37DA228C3AE700E3CC74 /* Sources */ = {
			isa = PBXSourcesBuildPhase;
			buildActionMask = 2147483647;
			files = (
				183D380E228CDDFE00E3CC74 /* MobilePhoneAPI.swift in Sources */,
				183D37E4228C3AE800E3CC74 /* ViewController.swift in Sources */,
				183D37F8228C3CD700E3CC74 /* MobilePhone.swift in Sources */,
				183D37E2228C3AE800E3CC74 /* AppDelegate.swift in Sources */,
				183D3815228DB9F800E3CC74 /* MobilePhoneAPIProtocol.swift in Sources */,
				183D37FD228C3E7900E3CC74 /* MobilePhoneDetail.swift in Sources */,
				183D3813228DA66C00E3CC74 /* URLExtension.swift in Sources */,
			);
			runOnlyForDeploymentPostprocessing = 0;
		};
		183D37FE228C3EFA00E3CC74 /* Sources */ = {
			isa = PBXSourcesBuildPhase;
			buildActionMask = 2147483647;
			files = (
				183D3805228C3EFA00E3CC74 /* MobileBuyersGuideTests.swift in Sources */,
			);
			runOnlyForDeploymentPostprocessing = 0;
		};
/* End PBXSourcesBuildPhase section */

/* Begin PBXTargetDependency section */
		183D3808228C3EFA00E3CC74 /* PBXTargetDependency */ = {
			isa = PBXTargetDependency;
			target = 183D37DD228C3AE700E3CC74 /* MobileBuyersGuide */;
			targetProxy = 183D3807228C3EFA00E3CC74 /* PBXContainerItemProxy */;
		};
/* End PBXTargetDependency section */

/* Begin PBXVariantGroup section */
		183D37E5228C3AE800E3CC74 /* Main.storyboard */ = {
			isa = PBXVariantGroup;
			children = (
				183D37E6228C3AE800E3CC74 /* Base */,
			);
			name = Main.storyboard;
			sourceTree = "<group>";
		};
		183D37EA228C3AE900E3CC74 /* LaunchScreen.storyboard */ = {
			isa = PBXVariantGroup;
			children = (
				183D37EB228C3AE900E3CC74 /* Base */,
			);
			name = LaunchScreen.storyboard;
			sourceTree = "<group>";
		};
/* End PBXVariantGroup section */

/* Begin XCBuildConfiguration section */
		183D37EE228C3AE900E3CC74 /* Debug */ = {
			isa = XCBuildConfiguration;
			buildSettings = {
				ALWAYS_SEARCH_USER_PATHS = NO;
				CLANG_ANALYZER_NONNULL = YES;
				CLANG_ANALYZER_NUMBER_OBJECT_CONVERSION = YES_AGGRESSIVE;
				CLANG_CXX_LANGUAGE_STANDARD = "gnu++14";
				CLANG_CXX_LIBRARY = "libc++";
				CLANG_ENABLE_MODULES = YES;
				CLANG_ENABLE_OBJC_ARC = YES;
				CLANG_ENABLE_OBJC_WEAK = YES;
				CLANG_WARN_BLOCK_CAPTURE_AUTORELEASING = YES;
				CLANG_WARN_BOOL_CONVERSION = YES;
				CLANG_WARN_COMMA = YES;
				CLANG_WARN_CONSTANT_CONVERSION = YES;
				CLANG_WARN_DEPRECATED_OBJC_IMPLEMENTATIONS = YES;
				CLANG_WARN_DIRECT_OBJC_ISA_USAGE = YES_ERROR;
				CLANG_WARN_DOCUMENTATION_COMMENTS = YES;
				CLANG_WARN_EMPTY_BODY = YES;
				CLANG_WARN_ENUM_CONVERSION = YES;
				CLANG_WARN_INFINITE_RECURSION = YES;
				CLANG_WARN_INT_CONVERSION = YES;
				CLANG_WARN_NON_LITERAL_NULL_CONVERSION = YES;
				CLANG_WARN_OBJC_IMPLICIT_RETAIN_SELF = YES;
				CLANG_WARN_OBJC_LITERAL_CONVERSION = YES;
				CLANG_WARN_OBJC_ROOT_CLASS = YES_ERROR;
				CLANG_WARN_RANGE_LOOP_ANALYSIS = YES;
				CLANG_WARN_STRICT_PROTOTYPES = YES;
				CLANG_WARN_SUSPICIOUS_MOVE = YES;
				CLANG_WARN_UNGUARDED_AVAILABILITY = YES_AGGRESSIVE;
				CLANG_WARN_UNREACHABLE_CODE = YES;
				CLANG_WARN__DUPLICATE_METHOD_MATCH = YES;
				CODE_SIGN_IDENTITY = "iPhone Developer";
				COPY_PHASE_STRIP = NO;
				DEBUG_INFORMATION_FORMAT = dwarf;
				ENABLE_STRICT_OBJC_MSGSEND = YES;
				ENABLE_TESTABILITY = YES;
				GCC_C_LANGUAGE_STANDARD = gnu11;
				GCC_DYNAMIC_NO_PIC = NO;
				GCC_NO_COMMON_BLOCKS = YES;
				GCC_OPTIMIZATION_LEVEL = 0;
				GCC_PREPROCESSOR_DEFINITIONS = (
					"DEBUG=1",
					"$(inherited)",
				);
				GCC_WARN_64_TO_32_BIT_CONVERSION = YES;
				GCC_WARN_ABOUT_RETURN_TYPE = YES_ERROR;
				GCC_WARN_UNDECLARED_SELECTOR = YES;
				GCC_WARN_UNINITIALIZED_AUTOS = YES_AGGRESSIVE;
				GCC_WARN_UNUSED_FUNCTION = YES;
				GCC_WARN_UNUSED_VARIABLE = YES;
				IPHONEOS_DEPLOYMENT_TARGET = 12.2;
				MTL_ENABLE_DEBUG_INFO = INCLUDE_SOURCE;
				MTL_FAST_MATH = YES;
				ONLY_ACTIVE_ARCH = YES;
				SDKROOT = iphoneos;
				SWIFT_ACTIVE_COMPILATION_CONDITIONS = DEBUG;
				SWIFT_OPTIMIZATION_LEVEL = "-Onone";
			};
			name = Debug;
		};
		183D37EF228C3AE900E3CC74 /* Release */ = {
			isa = XCBuildConfiguration;
			buildSettings = {
				ALWAYS_SEARCH_USER_PATHS = NO;
				CLANG_ANALYZER_NONNULL = YES;
				CLANG_ANALYZER_NUMBER_OBJECT_CONVERSION = YES_AGGRESSIVE;
				CLANG_CXX_LANGUAGE_STANDARD = "gnu++14";
				CLANG_CXX_LIBRARY = "libc++";
				CLANG_ENABLE_MODULES = YES;
				CLANG_ENABLE_OBJC_ARC = YES;
				CLANG_ENABLE_OBJC_WEAK = YES;
				CLANG_WARN_BLOCK_CAPTURE_AUTORELEASING = YES;
				CLANG_WARN_BOOL_CONVERSION = YES;
				CLANG_WARN_COMMA = YES;
				CLANG_WARN_CONSTANT_CONVERSION = YES;
				CLANG_WARN_DEPRECATED_OBJC_IMPLEMENTATIONS = YES;
				CLANG_WARN_DIRECT_OBJC_ISA_USAGE = YES_ERROR;
				CLANG_WARN_DOCUMENTATION_COMMENTS = YES;
				CLANG_WARN_EMPTY_BODY = YES;
				CLANG_WARN_ENUM_CONVERSION = YES;
				CLANG_WARN_INFINITE_RECURSION = YES;
				CLANG_WARN_INT_CONVERSION = YES;
				CLANG_WARN_NON_LITERAL_NULL_CONVERSION = YES;
				CLANG_WARN_OBJC_IMPLICIT_RETAIN_SELF = YES;
				CLANG_WARN_OBJC_LITERAL_CONVERSION = YES;
				CLANG_WARN_OBJC_ROOT_CLASS = YES_ERROR;
				CLANG_WARN_RANGE_LOOP_ANALYSIS = YES;
				CLANG_WARN_STRICT_PROTOTYPES = YES;
				CLANG_WARN_SUSPICIOUS_MOVE = YES;
				CLANG_WARN_UNGUARDED_AVAILABILITY = YES_AGGRESSIVE;
				CLANG_WARN_UNREACHABLE_CODE = YES;
				CLANG_WARN__DUPLICATE_METHOD_MATCH = YES;
				CODE_SIGN_IDENTITY = "iPhone Developer";
				COPY_PHASE_STRIP = NO;
				DEBUG_INFORMATION_FORMAT = "dwarf-with-dsym";
				ENABLE_NS_ASSERTIONS = NO;
				ENABLE_STRICT_OBJC_MSGSEND = YES;
				GCC_C_LANGUAGE_STANDARD = gnu11;
				GCC_NO_COMMON_BLOCKS = YES;
				GCC_WARN_64_TO_32_BIT_CONVERSION = YES;
				GCC_WARN_ABOUT_RETURN_TYPE = YES_ERROR;
				GCC_WARN_UNDECLARED_SELECTOR = YES;
				GCC_WARN_UNINITIALIZED_AUTOS = YES_AGGRESSIVE;
				GCC_WARN_UNUSED_FUNCTION = YES;
				GCC_WARN_UNUSED_VARIABLE = YES;
				IPHONEOS_DEPLOYMENT_TARGET = 12.2;
				MTL_ENABLE_DEBUG_INFO = NO;
				MTL_FAST_MATH = YES;
				SDKROOT = iphoneos;
				SWIFT_COMPILATION_MODE = wholemodule;
				SWIFT_OPTIMIZATION_LEVEL = "-O";
				VALIDATE_PRODUCT = YES;
			};
			name = Release;
		};
		183D37F1228C3AE900E3CC74 /* Debug */ = {
			isa = XCBuildConfiguration;
			buildSettings = {
				ASSETCATALOG_COMPILER_APPICON_NAME = AppIcon;
				CODE_SIGN_STYLE = Automatic;
				DEVELOPMENT_TEAM = 4TFEU94KP6;
				INFOPLIST_FILE = MobileBuyersGuide/Info.plist;
				LD_RUNPATH_SEARCH_PATHS = (
					"$(inherited)",
					"@executable_path/Frameworks",
				);
				PRODUCT_BUNDLE_IDENTIFIER = com.mkdesilva.MobileBuyersGuide;
				PRODUCT_NAME = "$(TARGET_NAME)";
				SWIFT_VERSION = 5.0;
				TARGETED_DEVICE_FAMILY = "1,2";
			};
			name = Debug;
		};
		183D37F2228C3AE900E3CC74 /* Release */ = {
			isa = XCBuildConfiguration;
			buildSettings = {
				ASSETCATALOG_COMPILER_APPICON_NAME = AppIcon;
				CODE_SIGN_STYLE = Automatic;
				DEVELOPMENT_TEAM = 4TFEU94KP6;
				INFOPLIST_FILE = MobileBuyersGuide/Info.plist;
				LD_RUNPATH_SEARCH_PATHS = (
					"$(inherited)",
					"@executable_path/Frameworks",
				);
				PRODUCT_BUNDLE_IDENTIFIER = com.mkdesilva.MobileBuyersGuide;
				PRODUCT_NAME = "$(TARGET_NAME)";
				SWIFT_VERSION = 5.0;
				TARGETED_DEVICE_FAMILY = "1,2";
			};
			name = Release;
		};
		183D380A228C3EFA00E3CC74 /* Debug */ = {
			isa = XCBuildConfiguration;
			buildSettings = {
				BUNDLE_LOADER = "$(TEST_HOST)";
				CODE_SIGN_STYLE = Automatic;
				DEVELOPMENT_TEAM = 4TFEU94KP6;
				INFOPLIST_FILE = MobileBuyersGuideTests/Info.plist;
				LD_RUNPATH_SEARCH_PATHS = (
					"$(inherited)",
					"@executable_path/Frameworks",
					"@loader_path/Frameworks",
				);
				PRODUCT_BUNDLE_IDENTIFIER = com.mkdesilva.MobileBuyersGuideTests;
				PRODUCT_NAME = "$(TARGET_NAME)";
				SWIFT_VERSION = 5.0;
				TARGETED_DEVICE_FAMILY = "1,2";
				TEST_HOST = "$(BUILT_PRODUCTS_DIR)/MobileBuyersGuide.app/MobileBuyersGuide";
			};
			name = Debug;
		};
		183D380B228C3EFA00E3CC74 /* Release */ = {
			isa = XCBuildConfiguration;
			buildSettings = {
				BUNDLE_LOADER = "$(TEST_HOST)";
				CODE_SIGN_STYLE = Automatic;
				DEVELOPMENT_TEAM = 4TFEU94KP6;
				INFOPLIST_FILE = MobileBuyersGuideTests/Info.plist;
				LD_RUNPATH_SEARCH_PATHS = (
					"$(inherited)",
					"@executable_path/Frameworks",
					"@loader_path/Frameworks",
				);
				PRODUCT_BUNDLE_IDENTIFIER = com.mkdesilva.MobileBuyersGuideTests;
				PRODUCT_NAME = "$(TARGET_NAME)";
				SWIFT_VERSION = 5.0;
				TARGETED_DEVICE_FAMILY = "1,2";
				TEST_HOST = "$(BUILT_PRODUCTS_DIR)/MobileBuyersGuide.app/MobileBuyersGuide";
			};
			name = Release;
		};
/* End XCBuildConfiguration section */

/* Begin XCConfigurationList section */
		183D37D9228C3AE700E3CC74 /* Build configuration list for PBXProject "MobileBuyersGuide" */ = {
			isa = XCConfigurationList;
			buildConfigurations = (
				183D37EE228C3AE900E3CC74 /* Debug */,
				183D37EF228C3AE900E3CC74 /* Release */,
			);
			defaultConfigurationIsVisible = 0;
			defaultConfigurationName = Release;
		};
		183D37F0228C3AE900E3CC74 /* Build configuration list for PBXNativeTarget "MobileBuyersGuide" */ = {
			isa = XCConfigurationList;
			buildConfigurations = (
				183D37F1228C3AE900E3CC74 /* Debug */,
				183D37F2228C3AE900E3CC74 /* Release */,
			);
			defaultConfigurationIsVisible = 0;
			defaultConfigurationName = Release;
		};
		183D3809228C3EFA00E3CC74 /* Build configuration list for PBXNativeTarget "MobileBuyersGuideTests" */ = {
			isa = XCConfigurationList;
			buildConfigurations = (
				183D380A228C3EFA00E3CC74 /* Debug */,
				183D380B228C3EFA00E3CC74 /* Release */,
			);
			defaultConfigurationIsVisible = 0;
			defaultConfigurationName = Release;
		};
/* End XCConfigurationList section */
	};
	rootObject = 183D37D6228C3AE700E3CC74 /* Project object */;
}
